{
  "name": "webdriverIO-with-cucumberBDD",
  "version": "1.1.5",
  "lockfileVersion": 1,
  "requires": true,
  "dependencies": {
    "ansi-regex": {
      "version": "2.1.1",
      "resolved": "https://registry.npmjs.org/ansi-regex/-/ansi-regex-2.1.1.tgz",
      "integrity": "sha1-w7M6te42DYbg5ijwRorn7yfWVN8=",
      "dev": true
    },
    "ansi-styles": {
      "version": "2.2.1",
      "resolved": "https://registry.npmjs.org/ansi-styles/-/ansi-styles-2.2.1.tgz",
      "integrity": "sha1-tDLdM1i2NM914eRmQ2gkBTPB3b4=",
      "dev": true
    },
    "babel-runtime": {
      "version": "6.26.0",
      "resolved": "https://registry.npmjs.org/babel-runtime/-/babel-runtime-6.26.0.tgz",
      "integrity": "sha1-llxwWGaOgrVde/4E/yM3vItWR/4=",
      "dev": true,
      "requires": {
        "core-js": "^2.4.0",
        "regenerator-runtime": "^0.11.0"
      }
    },
    "chalk": {
      "version": "1.1.3",
      "resolved": "http://registry.npmjs.org/chalk/-/chalk-1.1.3.tgz",
      "integrity": "sha1-qBFcVeSnAv5NFQq9OHKCKn4J/Jg=",
      "dev": true,
      "requires": {
        "ansi-styles": "^2.2.1",
        "escape-string-regexp": "^1.0.2",
        "has-ansi": "^2.0.0",
        "strip-ansi": "^3.0.0",
        "supports-color": "^2.0.0"
      }
    },
    "core-js": {
      "version": "2.6.0",
      "resolved": "https://registry.npmjs.org/core-js/-/core-js-2.6.0.tgz",
      "integrity": "sha512-kLRC6ncVpuEW/1kwrOXYX6KQASCVtrh1gQr/UiaVgFlf9WE5Vp+lNe5+h3LuMr5PAucWnnEXwH0nQHRH/gpGtw==",
      "dev": true
    },
    "escape-string-regexp": {
      "version": "1.0.5",
      "resolved": "https://registry.npmjs.org/escape-string-regexp/-/escape-string-regexp-1.0.5.tgz",
      "integrity": "sha1-G2HAViGQqN/2rjuyzwIAyhMLhtQ=",
      "dev": true
    },
    "find": {
      "version": "0.2.9",
      "resolved": "https://registry.npmjs.org/find/-/find-0.2.9.tgz",
      "integrity": "sha1-S3Px/55WrZG3bnFkB/5f/mVUu4w=",
      "dev": true,
      "requires": {
        "traverse-chain": "~0.1.0"
      }
    },
    "fs-extra": {
      "version": "6.0.1",
      "resolved": "https://registry.npmjs.org/fs-extra/-/fs-extra-6.0.1.tgz",
      "integrity": "sha512-GnyIkKhhzXZUWFCaJzvyDLEEgDkPfb4/TPvJCJVuS8MWZgoSsErf++QpiAlDnKFcqhRlm+tIOcencCjyJE6ZCA==",
      "dev": true,
      "requires": {
        "graceful-fs": "^4.1.2",
        "jsonfile": "^4.0.0",
        "universalify": "^0.1.0"
      },
      "dependencies": {
        "graceful-fs": {
          "version": "4.1.15",
          "resolved": "https://registry.npmjs.org/graceful-fs/-/graceful-fs-4.1.15.tgz",
          "integrity": "sha512-6uHUhOPEBgQ24HM+r6b/QwWfZq+yiFcipKFrOFiBEnWdy5sdzYoi+pJeQaPI5qOLRFqWmAXUPQNsielzdLoecA==",
          "dev": true
        }
      }
    },
    "has-ansi": {
      "version": "2.0.0",
      "resolved": "https://registry.npmjs.org/has-ansi/-/has-ansi-2.0.0.tgz",
      "integrity": "sha1-NPUEnOHs3ysGSa8+8k5F7TVBbZE=",
      "dev": true,
      "requires": {
        "ansi-regex": "^2.0.0"
      }
    },
    "is-wsl": {
      "version": "1.1.0",
      "resolved": "https://registry.npmjs.org/is-wsl/-/is-wsl-1.1.0.tgz",
      "integrity": "sha1-HxbkqiKwTRM2tmGIpmrzxgDDpm0=",
      "dev": true
    },
    "js-base64": {
      "version": "2.4.9",
      "resolved": "https://registry.npmjs.org/js-base64/-/js-base64-2.4.9.tgz",
      "integrity": "sha512-xcinL3AuDJk7VSzsHgb9DvvIXayBbadtMZ4HFPx8rUszbW1MuNMlwYVC4zzCZ6e1sqZpnNS5ZFYOhXqA39T7LQ==",
      "dev": true
    },
    "jsonfile": {
      "version": "4.0.0",
      "resolved": "https://registry.npmjs.org/jsonfile/-/jsonfile-4.0.0.tgz",
      "integrity": "sha1-h3Gq4HmbZAdrdmQPygWPnBDjPss=",
      "dev": true,
      "requires": {
        "graceful-fs": "^4.1.6"
      },
      "dependencies": {
        "graceful-fs": {
          "version": "4.1.15",
          "resolved": "https://registry.npmjs.org/graceful-fs/-/graceful-fs-4.1.15.tgz",
          "integrity": "sha512-6uHUhOPEBgQ24HM+r6b/QwWfZq+yiFcipKFrOFiBEnWdy5sdzYoi+pJeQaPI5qOLRFqWmAXUPQNsielzdLoecA==",
          "dev": true,
          "optional": true
        }
      }
    },
    "moment": {
      "version": "2.22.2",
      "resolved": "https://registry.npmjs.org/moment/-/moment-2.22.2.tgz",
      "integrity": "sha1-PCV/mDn8DpP/UxSWMiOeuQeD/2Y=",
      "dev": true
    },
    "multiple-cucumber-html-reporter": {
      "version": "1.11.4",
      "resolved": "https://registry.npmjs.org/multiple-cucumber-html-reporter/-/multiple-cucumber-html-reporter-1.11.4.tgz",
      "integrity": "sha512-+cqWqdVX5OzoHnau+pzFZk/uUdGeKOGBoTntJ+35Ld5/oOfbbHEQcL2KVPbY7o8zxhrv1vhyF1o3JG5Is5B/fA==",
      "dev": true,
      "requires": {
        "chalk": "1.1.3",
        "find": "^0.2.9",
        "fs-extra": "^5.0.0",
        "js-base64": "^2.4.3",
        "jsonfile": "^4.0.0",
        "lodash": "^4.17.5",
        "moment": "^2.21.0",
        "opn": "^5.2.0",
        "uuid": "^3.2.1"
      },
      "dependencies": {
        "fs-extra": {
          "version": "5.0.0",
          "resolved": "https://registry.npmjs.org/fs-extra/-/fs-extra-5.0.0.tgz",
          "integrity": "sha512-66Pm4RYbjzdyeuqudYqhFiNBbCIuI9kgRqLPSHIlXHidW8NIQtVdkM1yeZ4lXwuhbTETv3EUGMNHAAw6hiundQ==",
          "dev": true,
          "requires": {
            "graceful-fs": "^4.1.2",
            "jsonfile": "^4.0.0",
            "universalify": "^0.1.0"
          }
        },
        "graceful-fs": {
          "version": "4.1.15",
          "resolved": "https://registry.npmjs.org/graceful-fs/-/graceful-fs-4.1.15.tgz",
          "integrity": "sha512-6uHUhOPEBgQ24HM+r6b/QwWfZq+yiFcipKFrOFiBEnWdy5sdzYoi+pJeQaPI5qOLRFqWmAXUPQNsielzdLoecA==",
          "dev": true
        },
        "lodash": {
          "version": "4.17.11",
          "resolved": "https://registry.npmjs.org/lodash/-/lodash-4.17.11.tgz",
          "integrity": "sha512-cQKh8igo5QUhZ7lg38DYWAxMvjSAKG0A8wGSVimP07SIUEK2UO+arSRKbRZWtelMtN5V0Hkwh5ryOto/SshYIg==",
          "dev": true
        }
      }
    },
    "opn": {
      "version": "5.4.0",
      "resolved": "https://registry.npmjs.org/opn/-/opn-5.4.0.tgz",
      "integrity": "sha512-YF9MNdVy/0qvJvDtunAOzFw9iasOQHpVthTCvGzxt61Il64AYSGdK+rYwld7NAfk9qJ7dt+hymBNSc9LNYS+Sw==",
      "dev": true,
      "requires": {
        "is-wsl": "^1.1.0"
      }
    },
    "regenerator-runtime": {
      "version": "0.11.1",
      "resolved": "https://registry.npmjs.org/regenerator-runtime/-/regenerator-runtime-0.11.1.tgz",
      "integrity": "sha512-MguG95oij0fC3QV3URf4V2SDYGJhJnJGqvIIgdECeODCT98wSWDAJ94SSuVpYQUoTcGUIL6L4yNB7j1DFFHSBg==",
      "dev": true
    },
    "strip-ansi": {
      "version": "3.0.1",
      "resolved": "http://registry.npmjs.org/strip-ansi/-/strip-ansi-3.0.1.tgz",
      "integrity": "sha1-ajhfuIU9lS1f8F0Oiq+UJ43GPc8=",
      "dev": true,
      "requires": {
        "ansi-regex": "^2.0.0"
      }
    },
    "supports-color": {
      "version": "2.0.0",
      "resolved": "https://registry.npmjs.org/supports-color/-/supports-color-2.0.0.tgz",
      "integrity": "sha1-U10EXOa2Nj+kARcIRimZXp3zJMc=",
      "dev": true
    },
    "traverse-chain": {
      "version": "0.1.0",
      "resolved": "https://registry.npmjs.org/traverse-chain/-/traverse-chain-0.1.0.tgz",
      "integrity": "sha1-YdvC1Ttp/2CRoSoWj9fUMxB+QPE=",
      "dev": true
    },
    "universalify": {
      "version": "0.1.2",
      "resolved": "https://registry.npmjs.org/universalify/-/universalify-0.1.2.tgz",
      "integrity": "sha512-rBJeI5CXAlmy1pV+617WB9J63U6XcazHHF2f2dbJix4XzpUF0RS3Zbj0FGIOCAva5P/d/GBOYaACQ1w+0azUkg==",
      "dev": true
    },
    "uuid": {
      "version": "3.3.2",
      "resolved": "https://registry.npmjs.org/uuid/-/uuid-3.3.2.tgz",
      "integrity": "sha512-yXJmeNaw3DnnKAOKJE51sL/ZaYfWJRl1pK9dr19YFCu0ObS231AB1/LbqTKRAQ5kw8A90rA6fr4riOUpTZvQZA==",
      "dev": true
    },
    "wdio-multiple-cucumber-html-reporter": {
      "version": "0.3.2",
      "resolved": "https://registry.npmjs.org/wdio-multiple-cucumber-html-reporter/-/wdio-multiple-cucumber-html-reporter-0.3.2.tgz",
      "integrity": "sha512-+U4HExBiqVDryDJ+on4WkFc345HvU65mwFDrqnK+AyblinGL7WW5aG/q1YCxiapQka5lk4HMYVshGkMn2odfng==",
      "dev": true,
      "requires": {
        "babel-runtime": "^6.26.0",
        "fs-extra": "^6.0.1",
        "multiple-cucumber-html-reporter": "^1.11.2"
      }
    }
  }
}
